
Microsoft Visual Studio Solution File, Format Version 12.00
# Visual Studio Version 17
VisualStudioVersion = 17.1.32210.238
MinimumVisualStudioVersion = 10.0.40219.1
Project("{8BC9CEB8-8B4A-11D0-8D11-00A0C91BC942}") = "c_c++", "c_c++\c_c++.vcxproj", "{8DA45381-5F34-4E0C-A4D5-9365EB48AB7B}"
	ProjectSection(ProjectDependencies) = postProject
		{0EE3F917-FC98-4631-9800-35A5C7F154CF} = {0EE3F917-FC98-4631-9800-35A5C7F154CF}
		{655B6C20-63C2-4B7A-ADC2-014AB9E3052F} = {655B6C20-63C2-4B7A-ADC2-014AB9E3052F}
		{70D21647-73C3-41F8-8AAF-35E2311F5C94} = {70D21647-73C3-41F8-8AAF-35E2311F5C94}
		{749B815C-F077-41A3-9E57-02C587B642ED} = {749B815C-F077-41A3-9E57-02C587B642ED}
		{7DE81266-32A3-402D-A992-9EEBAEB6A46A} = {7DE81266-32A3-402D-A992-9EEBAEB6A46A}
		{F21D7F6C-3835-45C1-AA47-2CE68C564293} = {F21D7F6C-3835-45C1-AA47-2CE68C564293}
		{9661DCA0-D22E-49D3-8216-E5A335E86733} = {9661DCA0-D22E-49D3-8216-E5A335E86733}
		{965DA4A7-06F5-41BA-A6EF-986CED87DBD5} = {965DA4A7-06F5-41BA-A6EF-986CED87DBD5}
		{911DF2A9-EA22-4E50-A567-F748E4F6918D} = {911DF2A9-EA22-4E50-A567-F748E4F6918D}
		{E32A6EB8-A752-4F0E-9943-1C325BF9464F} = {E32A6EB8-A752-4F0E-9943-1C325BF9464F}
		{F91666C9-F500-4A9E-8F7F-2D9E4895977C} = {F91666C9-F500-4A9E-8F7F-2D9E4895977C}
		{5A9BB3E5-1DA0-4243-AF6B-1D6F7AC2E952} = {5A9BB3E5-1DA0-4243-AF6B-1D6F7AC2E952}
	EndProjectSection
EndProject
Project("{8BC9CEB8-8B4A-11D0-8D11-00A0C91BC942}") = "variables_c++", "variables_c++\variables_c++.vcxproj", "{965DA4A7-06F5-41BA-A6EF-986CED87DBD5}"
EndProject
Project("{8BC9CEB8-8B4A-11D0-8D11-00A0C91BC942}") = "variable_c", "variable_c\variable_c.vcxproj", "{911DF2A9-EA22-4E50-A567-F748E4F6918D}"
EndProject
Project("{8BC9CEB8-8B4A-11D0-8D11-00A0C91BC942}") = "printf_c", "printf_c\printf_c.vcxproj", "{5A9BB3E5-1DA0-4243-AF6B-1D6F7AC2E952}"
EndProject
Project("{8BC9CEB8-8B4A-11D0-8D11-00A0C91BC942}") = "coun_c++", "coun_c++\coun_c++.vcxproj", "{F91666C9-F500-4A9E-8F7F-2D9E4895977C}"
EndProject
Project("{8BC9CEB8-8B4A-11D0-8D11-00A0C91BC942}") = "float_double_c++", "float_double_c++\float_double_c++.vcxproj", "{0EE3F917-FC98-4631-9800-35A5C7F154CF}"
EndProject
Project("{8BC9CEB8-8B4A-11D0-8D11-00A0C91BC942}") = "float_double_c", "float_double_c\float_double_c.vcxproj", "{70D21647-73C3-41F8-8AAF-35E2311F5C94}"
EndProject
Project("{8BC9CEB8-8B4A-11D0-8D11-00A0C91BC942}") = "scanf_c", "scanf_c\scanf_c.vcxproj", "{655B6C20-63C2-4B7A-ADC2-014AB9E3052F}"
EndProject
Project("{8BC9CEB8-8B4A-11D0-8D11-00A0C91BC942}") = "cin_c++", "cin_c++\cin_c++.vcxproj", "{749B815C-F077-41A3-9E57-02C587B642ED}"
EndProject
Project("{8BC9CEB8-8B4A-11D0-8D11-00A0C91BC942}") = "define", "define_c_c++\define_c_c++.vcxproj", "{7DE81266-32A3-402D-A992-9EEBAEB6A46A}"
EndProject
Project("{8BC9CEB8-8B4A-11D0-8D11-00A0C91BC942}") = "operators", "operators\operators.vcxproj", "{9661DCA0-D22E-49D3-8216-E5A335E86733}"
EndProject
Project("{8BC9CEB8-8B4A-11D0-8D11-00A0C91BC942}") = "rectangle_calculations", "rectangle_calculations\rectangle_calculations.vcxproj", "{E32A6EB8-A752-4F0E-9943-1C325BF9464F}"
EndProject
Project("{8BC9CEB8-8B4A-11D0-8D11-00A0C91BC942}") = "exam_calculations", "average_calculations\average_calculations.vcxproj", "{F21D7F6C-3835-45C1-AA47-2CE68C564293}"
EndProject
Project("{8BC9CEB8-8B4A-11D0-8D11-00A0C91BC942}") = "if_example", "if_example\if_example.vcxproj", "{9CB91A1E-419A-44EC-9F45-E7DBB445A745}"
EndProject
Project("{8BC9CEB8-8B4A-11D0-8D11-00A0C91BC942}") = "if_example2", "if_example2\if_example2.vcxproj", "{55978802-87DF-46C6-9971-98653C3EECE1}"
EndProject
Project("{8BC9CEB8-8B4A-11D0-8D11-00A0C91BC942}") = "switch_example", "switch_example\switch_example.vcxproj", "{4A5CAFFD-3F6A-4A05-B744-B40BAC57E699}"
EndProject
Global
	GlobalSection(SolutionConfigurationPlatforms) = preSolution
		Debug|x64 = Debug|x64
		Debug|x86 = Debug|x86
		Release|x64 = Release|x64
		Release|x86 = Release|x86
	EndGlobalSection
	GlobalSection(ProjectConfigurationPlatforms) = postSolution
		{8DA45381-5F34-4E0C-A4D5-9365EB48AB7B}.Debug|x64.ActiveCfg = Debug|x64
		{8DA45381-5F34-4E0C-A4D5-9365EB48AB7B}.Debug|x64.Build.0 = Debug|x64
		{8DA45381-5F34-4E0C-A4D5-9365EB48AB7B}.Debug|x86.ActiveCfg = Debug|Win32
		{8DA45381-5F34-4E0C-A4D5-9365EB48AB7B}.Debug|x86.Build.0 = Debug|Win32
		{8DA45381-5F34-4E0C-A4D5-9365EB48AB7B}.Release|x64.ActiveCfg = Release|x64
		{8DA45381-5F34-4E0C-A4D5-9365EB48AB7B}.Release|x64.Build.0 = Release|x64
		{8DA45381-5F34-4E0C-A4D5-9365EB48AB7B}.Release|x86.ActiveCfg = Release|Win32
		{8DA45381-5F34-4E0C-A4D5-9365EB48AB7B}.Release|x86.Build.0 = Release|Win32
		{965DA4A7-06F5-41BA-A6EF-986CED87DBD5}.Debug|x64.ActiveCfg = Debug|x64
		{965DA4A7-06F5-41BA-A6EF-986CED87DBD5}.Debug|x64.Build.0 = Debug|x64
		{965DA4A7-06F5-41BA-A6EF-986CED87DBD5}.Debug|x86.ActiveCfg = Debug|Win32
		{965DA4A7-06F5-41BA-A6EF-986CED87DBD5}.Debug|x86.Build.0 = Debug|Win32
		{965DA4A7-06F5-41BA-A6EF-986CED87DBD5}.Release|x64.ActiveCfg = Release|x64
		{965DA4A7-06F5-41BA-A6EF-986CED87DBD5}.Release|x64.Build.0 = Release|x64
		{965DA4A7-06F5-41BA-A6EF-986CED87DBD5}.Release|x86.ActiveCfg = Release|Win32
		{965DA4A7-06F5-41BA-A6EF-986CED87DBD5}.Release|x86.Build.0 = Release|Win32
		{911DF2A9-EA22-4E50-A567-F748E4F6918D}.Debug|x64.ActiveCfg = Debug|x64
		{911DF2A9-EA22-4E50-A567-F748E4F6918D}.Debug|x64.Build.0 = Debug|x64
		{911DF2A9-EA22-4E50-A567-F748E4F6918D}.Debug|x86.ActiveCfg = Debug|Win32
		{911DF2A9-EA22-4E50-A567-F748E4F6918D}.Debug|x86.Build.0 = Debug|Win32
		{911DF2A9-EA22-4E50-A567-F748E4F6918D}.Release|x64.ActiveCfg = Release|x64
		{911DF2A9-EA22-4E50-A567-F748E4F6918D}.Release|x64.Build.0 = Release|x64
		{911DF2A9-EA22-4E50-A567-F748E4F6918D}.Release|x86.ActiveCfg = Release|Win32
		{911DF2A9-EA22-4E50-A567-F748E4F6918D}.Release|x86.Build.0 = Release|Win32
		{5A9BB3E5-1DA0-4243-AF6B-1D6F7AC2E952}.Debug|x64.ActiveCfg = Debug|x64
		{5A9BB3E5-1DA0-4243-AF6B-1D6F7AC2E952}.Debug|x64.Build.0 = Debug|x64
		{5A9BB3E5-1DA0-4243-AF6B-1D6F7AC2E952}.Debug|x86.ActiveCfg = Debug|Win32
		{5A9BB3E5-1DA0-4243-AF6B-1D6F7AC2E952}.Debug|x86.Build.0 = Debug|Win32
		{5A9BB3E5-1DA0-4243-AF6B-1D6F7AC2E952}.Release|x64.ActiveCfg = Release|x64
		{5A9BB3E5-1DA0-4243-AF6B-1D6F7AC2E952}.Release|x64.Build.0 = Release|x64
		{5A9BB3E5-1DA0-4243-AF6B-1D6F7AC2E952}.Release|x86.ActiveCfg = Release|Win32
		{5A9BB3E5-1DA0-4243-AF6B-1D6F7AC2E952}.Release|x86.Build.0 = Release|Win32
		{F91666C9-F500-4A9E-8F7F-2D9E4895977C}.Debug|x64.ActiveCfg = Debug|x64
		{F91666C9-F500-4A9E-8F7F-2D9E4895977C}.Debug|x64.Build.0 = Debug|x64
		{F91666C9-F500-4A9E-8F7F-2D9E4895977C}.Debug|x86.ActiveCfg = Debug|Win32
		{F91666C9-F500-4A9E-8F7F-2D9E4895977C}.Debug|x86.Build.0 = Debug|Win32
		{F91666C9-F500-4A9E-8F7F-2D9E4895977C}.Release|x64.ActiveCfg = Release|x64
		{F91666C9-F500-4A9E-8F7F-2D9E4895977C}.Release|x64.Build.0 = Release|x64
		{F91666C9-F500-4A9E-8F7F-2D9E4895977C}.Release|x86.ActiveCfg = Release|Win32
		{F91666C9-F500-4A9E-8F7F-2D9E4895977C}.Release|x86.Build.0 = Release|Win32
		{0EE3F917-FC98-4631-9800-35A5C7F154CF}.Debug|x64.ActiveCfg = Debug|x64
		{0EE3F917-FC98-4631-9800-35A5C7F154CF}.Debug|x64.Build.0 = Debug|x64
		{0EE3F917-FC98-4631-9800-35A5C7F154CF}.Debug|x86.ActiveCfg = Debug|Win32
		{0EE3F917-FC98-4631-9800-35A5C7F154CF}.Debug|x86.Build.0 = Debug|Win32
		{0EE3F917-FC98-4631-9800-35A5C7F154CF}.Release|x64.ActiveCfg = Release|x64
		{0EE3F917-FC98-4631-9800-35A5C7F154CF}.Release|x64.Build.0 = Release|x64
		{0EE3F917-FC98-4631-9800-35A5C7F154CF}.Release|x86.ActiveCfg = Release|Win32
		{0EE3F917-FC98-4631-9800-35A5C7F154CF}.Release|x86.Build.0 = Release|Win32
		{70D21647-73C3-41F8-8AAF-35E2311F5C94}.Debug|x64.ActiveCfg = Debug|x64
		{70D21647-73C3-41F8-8AAF-35E2311F5C94}.Debug|x64.Build.0 = Debug|x64
		{70D21647-73C3-41F8-8AAF-35E2311F5C94}.Debug|x86.ActiveCfg = Debug|Win32
		{70D21647-73C3-41F8-8AAF-35E2311F5C94}.Debug|x86.Build.0 = Debug|Win32
		{70D21647-73C3-41F8-8AAF-35E2311F5C94}.Release|x64.ActiveCfg = Release|x64
		{70D21647-73C3-41F8-8AAF-35E2311F5C94}.Release|x64.Build.0 = Release|x64
		{70D21647-73C3-41F8-8AAF-35E2311F5C94}.Release|x86.ActiveCfg = Release|Win32
		{70D21647-73C3-41F8-8AAF-35E2311F5C94}.Release|x86.Build.0 = Release|Win32
		{655B6C20-63C2-4B7A-ADC2-014AB9E3052F}.Debug|x64.ActiveCfg = Debug|x64
		{655B6C20-63C2-4B7A-ADC2-014AB9E3052F}.Debug|x64.Build.0 = Debug|x64
		{655B6C20-63C2-4B7A-ADC2-014AB9E3052F}.Debug|x86.ActiveCfg = Debug|Win32
		{655B6C20-63C2-4B7A-ADC2-014AB9E3052F}.Debug|x86.Build.0 = Debug|Win32
		{655B6C20-63C2-4B7A-ADC2-014AB9E3052F}.Release|x64.ActiveCfg = Release|x64
		{655B6C20-63C2-4B7A-ADC2-014AB9E3052F}.Release|x64.Build.0 = Release|x64
		{655B6C20-63C2-4B7A-ADC2-014AB9E3052F}.Release|x86.ActiveCfg = Release|Win32
		{655B6C20-63C2-4B7A-ADC2-014AB9E3052F}.Release|x86.Build.0 = Release|Win32
		{749B815C-F077-41A3-9E57-02C587B642ED}.Debug|x64.ActiveCfg = Debug|x64
		{749B815C-F077-41A3-9E57-02C587B642ED}.Debug|x64.Build.0 = Debug|x64
		{749B815C-F077-41A3-9E57-02C587B642ED}.Debug|x86.ActiveCfg = Debug|Win32
		{749B815C-F077-41A3-9E57-02C587B642ED}.Debug|x86.Build.0 = Debug|Win32
		{749B815C-F077-41A3-9E57-02C587B642ED}.Release|x64.ActiveCfg = Release|x64
		{749B815C-F077-41A3-9E57-02C587B642ED}.Release|x64.Build.0 = Release|x64
		{749B815C-F077-41A3-9E57-02C587B642ED}.Release|x86.ActiveCfg = Release|Win32
		{749B815C-F077-41A3-9E57-02C587B642ED}.Release|x86.Build.0 = Release|Win32
		{7DE81266-32A3-402D-A992-9EEBAEB6A46A}.Debug|x64.ActiveCfg = Debug|x64
		{7DE81266-32A3-402D-A992-9EEBAEB6A46A}.Debug|x64.Build.0 = Debug|x64
		{7DE81266-32A3-402D-A992-9EEBAEB6A46A}.Debug|x86.ActiveCfg = Debug|Win32
		{7DE81266-32A3-402D-A992-9EEBAEB6A46A}.Debug|x86.Build.0 = Debug|Win32
		{7DE81266-32A3-402D-A992-9EEBAEB6A46A}.Release|x64.ActiveCfg = Release|x64
		{7DE81266-32A3-402D-A992-9EEBAEB6A46A}.Release|x64.Build.0 = Release|x64
		{7DE81266-32A3-402D-A992-9EEBAEB6A46A}.Release|x86.ActiveCfg = Release|Win32
		{7DE81266-32A3-402D-A992-9EEBAEB6A46A}.Release|x86.Build.0 = Release|Win32
		{9661DCA0-D22E-49D3-8216-E5A335E86733}.Debug|x64.ActiveCfg = Debug|x64
		{9661DCA0-D22E-49D3-8216-E5A335E86733}.Debug|x64.Build.0 = Debug|x64
		{9661DCA0-D22E-49D3-8216-E5A335E86733}.Debug|x86.ActiveCfg = Debug|Win32
		{9661DCA0-D22E-49D3-8216-E5A335E86733}.Debug|x86.Build.0 = Debug|Win32
		{9661DCA0-D22E-49D3-8216-E5A335E86733}.Release|x64.ActiveCfg = Release|x64
		{9661DCA0-D22E-49D3-8216-E5A335E86733}.Release|x64.Build.0 = Release|x64
		{9661DCA0-D22E-49D3-8216-E5A335E86733}.Release|x86.ActiveCfg = Release|Win32
		{9661DCA0-D22E-49D3-8216-E5A335E86733}.Release|x86.Build.0 = Release|Win32
		{E32A6EB8-A752-4F0E-9943-1C325BF9464F}.Debug|x64.ActiveCfg = Debug|x64
		{E32A6EB8-A752-4F0E-9943-1C325BF9464F}.Debug|x64.Build.0 = Debug|x64
		{E32A6EB8-A752-4F0E-9943-1C325BF9464F}.Debug|x86.ActiveCfg = Debug|Win32
		{E32A6EB8-A752-4F0E-9943-1C325BF9464F}.Debug|x86.Build.0 = Debug|Win32
		{E32A6EB8-A752-4F0E-9943-1C325BF9464F}.Release|x64.ActiveCfg = Release|x64
		{E32A6EB8-A752-4F0E-9943-1C325BF9464F}.Release|x64.Build.0 = Release|x64
		{E32A6EB8-A752-4F0E-9943-1C325BF9464F}.Release|x86.ActiveCfg = Release|Win32
		{E32A6EB8-A752-4F0E-9943-1C325BF9464F}.Release|x86.Build.0 = Release|Win32
		{F21D7F6C-3835-45C1-AA47-2CE68C564293}.Debug|x64.ActiveCfg = Debug|x64
		{F21D7F6C-3835-45C1-AA47-2CE68C564293}.Debug|x64.Build.0 = Debug|x64
		{F21D7F6C-3835-45C1-AA47-2CE68C564293}.Debug|x86.ActiveCfg = Debug|Win32
		{F21D7F6C-3835-45C1-AA47-2CE68C564293}.Debug|x86.Build.0 = Debug|Win32
		{F21D7F6C-3835-45C1-AA47-2CE68C564293}.Release|x64.ActiveCfg = Release|x64
		{F21D7F6C-3835-45C1-AA47-2CE68C564293}.Release|x64.Build.0 = Release|x64
		{F21D7F6C-3835-45C1-AA47-2CE68C564293}.Release|x86.ActiveCfg = Release|Win32
		{F21D7F6C-3835-45C1-AA47-2CE68C564293}.Release|x86.Build.0 = Release|Win32
		{9CB91A1E-419A-44EC-9F45-E7DBB445A745}.Debug|x64.ActiveCfg = Debug|x64
		{9CB91A1E-419A-44EC-9F45-E7DBB445A745}.Debug|x64.Build.0 = Debug|x64
		{9CB91A1E-419A-44EC-9F45-E7DBB445A745}.Debug|x86.ActiveCfg = Debug|Win32
		{9CB91A1E-419A-44EC-9F45-E7DBB445A745}.Debug|x86.Build.0 = Debug|Win32
		{9CB91A1E-419A-44EC-9F45-E7DBB445A745}.Release|x64.ActiveCfg = Release|x64
		{9CB91A1E-419A-44EC-9F45-E7DBB445A745}.Release|x64.Build.0 = Release|x64
		{9CB91A1E-419A-44EC-9F45-E7DBB445A745}.Release|x86.ActiveCfg = Release|Win32
		{9CB91A1E-419A-44EC-9F45-E7DBB445A745}.Release|x86.Build.0 = Release|Win32
		{55978802-87DF-46C6-9971-98653C3EECE1}.Debug|x64.ActiveCfg = Debug|x64
		{55978802-87DF-46C6-9971-98653C3EECE1}.Debug|x64.Build.0 = Debug|x64
		{55978802-87DF-46C6-9971-98653C3EECE1}.Debug|x86.ActiveCfg = Debug|Win32
		{55978802-87DF-46C6-9971-98653C3EECE1}.Debug|x86.Build.0 = Debug|Win32
		{55978802-87DF-46C6-9971-98653C3EECE1}.Release|x64.ActiveCfg = Release|x64
		{55978802-87DF-46C6-9971-98653C3EECE1}.Release|x64.Build.0 = Release|x64
		{55978802-87DF-46C6-9971-98653C3EECE1}.Release|x86.ActiveCfg = Release|Win32
		{55978802-87DF-46C6-9971-98653C3EECE1}.Release|x86.Build.0 = Release|Win32
		{4A5CAFFD-3F6A-4A05-B744-B40BAC57E699}.Debug|x64.ActiveCfg = Debug|x64
		{4A5CAFFD-3F6A-4A05-B744-B40BAC57E699}.Debug|x64.Build.0 = Debug|x64
		{4A5CAFFD-3F6A-4A05-B744-B40BAC57E699}.Debug|x86.ActiveCfg = Debug|Win32
		{4A5CAFFD-3F6A-4A05-B744-B40BAC57E699}.Debug|x86.Build.0 = Debug|Win32
		{4A5CAFFD-3F6A-4A05-B744-B40BAC57E699}.Release|x64.ActiveCfg = Release|x64
		{4A5CAFFD-3F6A-4A05-B744-B40BAC57E699}.Release|x64.Build.0 = Release|x64
		{4A5CAFFD-3F6A-4A05-B744-B40BAC57E699}.Release|x86.ActiveCfg = Release|Win32
		{4A5CAFFD-3F6A-4A05-B744-B40BAC57E699}.Release|x86.Build.0 = Release|Win32
	EndGlobalSection
	GlobalSection(SolutionProperties) = preSolution
		HideSolutionNode = FALSE
	EndGlobalSection
	GlobalSection(ExtensibilityGlobals) = postSolution
		SolutionGuid = {73FE47F7-B42A-41AE-8A8C-6B632615E3F9}
	EndGlobalSection
EndGlobal
